
Microsoft Visual Studio Solution File, Format Version 12.00
Project("{FAE04EC0-301F-11D3-BF4B-00C04F79EFBC}") = "CinemaManager.DBModels", "CinemaManager.DBModels\CinemaManager.DBModels.csproj", "{58E75FD9-E540-48B3-992F-C884E4E31457}"
EndProject
Project("{FAE04EC0-301F-11D3-BF4B-00C04F79EFBC}") = "CinemaManager.Common", "CinemaManager.Common\CinemaManager.Common.csproj", "{E8CD633E-B547-4B3E-B4D9-F7BB2318EB95}"
EndProject
Project("{FAE04EC0-301F-11D3-BF4B-00C04F79EFBC}") = "CinemaManager.UIModels", "CinemaManager.UIModels\CinemaManager.UIModels.csproj", "{E92B2A72-5E15-4CAD-AA7E-4B42E9D129C9}"
EndProject
Project("{FAE04EC0-301F-11D3-BF4B-00C04F79EFBC}") = "CinemaManager.Storage", "CinemaManager.Storage\CinemaManager.Storage.csproj", "{63EE36E9-53C1-46BD-B80B-7B29099A6534}"
EndProject
Project("{FAE04EC0-301F-11D3-BF4B-00C04F79EFBC}") = "CinemaManager.ConsoleApp", "CinemaManager.ConsoleApp\CinemaManager.ConsoleApp.csproj", "{0A97A6D7-DF31-4533-9C09-A721D05CAC89}"
EndProject
Global
	GlobalSection(SolutionConfigurationPlatforms) = preSolution
		Debug|Any CPU = Debug|Any CPU
		Release|Any CPU = Release|Any CPU
	EndGlobalSection
	GlobalSection(ProjectConfigurationPlatforms) = postSolution
		{58E75FD9-E540-48B3-992F-C884E4E31457}.Debug|Any CPU.ActiveCfg = Debug|Any CPU
		{58E75FD9-E540-48B3-992F-C884E4E31457}.Debug|Any CPU.Build.0 = Debug|Any CPU
		{58E75FD9-E540-48B3-992F-C884E4E31457}.Release|Any CPU.ActiveCfg = Release|Any CPU
		{58E75FD9-E540-48B3-992F-C884E4E31457}.Release|Any CPU.Build.0 = Release|Any CPU
		{E8CD633E-B547-4B3E-B4D9-F7BB2318EB95}.Debug|Any CPU.ActiveCfg = Debug|Any CPU
		{E8CD633E-B547-4B3E-B4D9-F7BB2318EB95}.Debug|Any CPU.Build.0 = Debug|Any CPU
		{E8CD633E-B547-4B3E-B4D9-F7BB2318EB95}.Release|Any CPU.ActiveCfg = Release|Any CPU
		{E8CD633E-B547-4B3E-B4D9-F7BB2318EB95}.Release|Any CPU.Build.0 = Release|Any CPU
		{E92B2A72-5E15-4CAD-AA7E-4B42E9D129C9}.Debug|Any CPU.ActiveCfg = Debug|Any CPU
		{E92B2A72-5E15-4CAD-AA7E-4B42E9D129C9}.Debug|Any CPU.Build.0 = Debug|Any CPU
		{E92B2A72-5E15-4CAD-AA7E-4B42E9D129C9}.Release|Any CPU.ActiveCfg = Release|Any CPU
		{E92B2A72-5E15-4CAD-AA7E-4B42E9D129C9}.Release|Any CPU.Build.0 = Release|Any CPU
		{63EE36E9-53C1-46BD-B80B-7B29099A6534}.Debug|Any CPU.ActiveCfg = Debug|Any CPU
		{63EE36E9-53C1-46BD-B80B-7B29099A6534}.Debug|Any CPU.Build.0 = Debug|Any CPU
		{63EE36E9-53C1-46BD-B80B-7B29099A6534}.Release|Any CPU.ActiveCfg = Release|Any CPU
		{63EE36E9-53C1-46BD-B80B-7B29099A6534}.Release|Any CPU.Build.0 = Release|Any CPU
		{0A97A6D7-DF31-4533-9C09-A721D05CAC89}.Debug|Any CPU.ActiveCfg = Debug|Any CPU
		{0A97A6D7-DF31-4533-9C09-A721D05CAC89}.Debug|Any CPU.Build.0 = Debug|Any CPU
		{0A97A6D7-DF31-4533-9C09-A721D05CAC89}.Release|Any CPU.ActiveCfg = Release|Any CPU
		{0A97A6D7-DF31-4533-9C09-A721D05CAC89}.Release|Any CPU.Build.0 = Release|Any CPU
	EndGlobalSection
EndGlobal
